
Microsoft Visual Studio Solution File, Format Version 12.00
# Visual Studio 15
VisualStudioVersion = 15.0.26124.0
MinimumVisualStudioVersion = 15.0.26124.0
Project("{FAE04EC0-301F-11D3-BF4B-00C04F79EFBC}") = "Hydra.Core.Example.Domain", "Hydra.Core.Example.Domain\Hydra.Core.Example.Domain.csproj", "{71A7105E-0ECB-4B4A-B35B-EFADA2F8DB81}"
EndProject
Project("{FAE04EC0-301F-11D3-BF4B-00C04F79EFBC}") = "Hydra.Core.Mediator", "..\Framework\Hydra.Core.Mediator\Hydra.Core.Mediator.csproj", "{87B4FAAE-03E1-48B4-901A-5FD9D2DC43C5}"
EndProject
Project("{FAE04EC0-301F-11D3-BF4B-00C04F79EFBC}") = "Hydra.Core.API", "..\Framework\Hydra.Core.API\Hydra.Core.API.csproj", "{7714816E-AA1A-43BC-A173-41640CB01508}"
EndProject
Project("{FAE04EC0-301F-11D3-BF4B-00C04F79EFBC}") = "Hydra.Core.Example.Mediator.ApplicationTest", "Hydra.Core.Example.Mediator.ApplicationTest\Hydra.Core.Example.Mediator.ApplicationTest.csproj", "{98E20307-5FB2-4D5C-AF00-5976F24D1451}"
EndProject
Project("{FAE04EC0-301F-11D3-BF4B-00C04F79EFBC}") = "Hydra.Core.MessageBus", "..\Framework\Hydra.Core.MessageBus\Hydra.Core.MessageBus.csproj", "{42C43A9B-C14D-44D0-8D9F-FDC1AFDF8F65}"
EndProject
Project("{2150E333-8FDC-42A3-9474-1A3956D46DE8}") = "Framework", "Framework", "{E384ADF0-B98E-11EB-87A8-89F61FA53BF0}"
EndProject
Global
	GlobalSection(SolutionConfigurationPlatforms) = preSolution
		Debug|Any CPU = Debug|Any CPU
		Debug|x64 = Debug|x64
		Debug|x86 = Debug|x86
		Release|Any CPU = Release|Any CPU
		Release|x64 = Release|x64
		Release|x86 = Release|x86
	EndGlobalSection
	GlobalSection(SolutionProperties) = preSolution
		HideSolutionNode = FALSE
	EndGlobalSection
	GlobalSection(ProjectConfigurationPlatforms) = postSolution
		{71A7105E-0ECB-4B4A-B35B-EFADA2F8DB81}.Debug|Any CPU.ActiveCfg = Debug|Any CPU
		{71A7105E-0ECB-4B4A-B35B-EFADA2F8DB81}.Debug|Any CPU.Build.0 = Debug|Any CPU
		{71A7105E-0ECB-4B4A-B35B-EFADA2F8DB81}.Debug|x64.ActiveCfg = Debug|Any CPU
		{71A7105E-0ECB-4B4A-B35B-EFADA2F8DB81}.Debug|x64.Build.0 = Debug|Any CPU
		{71A7105E-0ECB-4B4A-B35B-EFADA2F8DB81}.Debug|x86.ActiveCfg = Debug|Any CPU
		{71A7105E-0ECB-4B4A-B35B-EFADA2F8DB81}.Debug|x86.Build.0 = Debug|Any CPU
		{71A7105E-0ECB-4B4A-B35B-EFADA2F8DB81}.Release|Any CPU.ActiveCfg = Release|Any CPU
		{71A7105E-0ECB-4B4A-B35B-EFADA2F8DB81}.Release|Any CPU.Build.0 = Release|Any CPU
		{71A7105E-0ECB-4B4A-B35B-EFADA2F8DB81}.Release|x64.ActiveCfg = Release|Any CPU
		{71A7105E-0ECB-4B4A-B35B-EFADA2F8DB81}.Release|x64.Build.0 = Release|Any CPU
		{71A7105E-0ECB-4B4A-B35B-EFADA2F8DB81}.Release|x86.ActiveCfg = Release|Any CPU
		{71A7105E-0ECB-4B4A-B35B-EFADA2F8DB81}.Release|x86.Build.0 = Release|Any CPU
		{87B4FAAE-03E1-48B4-901A-5FD9D2DC43C5}.Debug|Any CPU.ActiveCfg = Debug|Any CPU
		{87B4FAAE-03E1-48B4-901A-5FD9D2DC43C5}.Debug|Any CPU.Build.0 = Debug|Any CPU
		{87B4FAAE-03E1-48B4-901A-5FD9D2DC43C5}.Debug|x64.ActiveCfg = Debug|Any CPU
		{87B4FAAE-03E1-48B4-901A-5FD9D2DC43C5}.Debug|x64.Build.0 = Debug|Any CPU
		{87B4FAAE-03E1-48B4-901A-5FD9D2DC43C5}.Debug|x86.ActiveCfg = Debug|Any CPU
		{87B4FAAE-03E1-48B4-901A-5FD9D2DC43C5}.Debug|x86.Build.0 = Debug|Any CPU
		{87B4FAAE-03E1-48B4-901A-5FD9D2DC43C5}.Release|Any CPU.ActiveCfg = Release|Any CPU
		{87B4FAAE-03E1-48B4-901A-5FD9D2DC43C5}.Release|Any CPU.Build.0 = Release|Any CPU
		{87B4FAAE-03E1-48B4-901A-5FD9D2DC43C5}.Release|x64.ActiveCfg = Release|Any CPU
		{87B4FAAE-03E1-48B4-901A-5FD9D2DC43C5}.Release|x64.Build.0 = Release|Any CPU
		{87B4FAAE-03E1-48B4-901A-5FD9D2DC43C5}.Release|x86.ActiveCfg = Release|Any CPU
		{87B4FAAE-03E1-48B4-901A-5FD9D2DC43C5}.Release|x86.Build.0 = Release|Any CPU
		{7714816E-AA1A-43BC-A173-41640CB01508}.Debug|Any CPU.ActiveCfg = Debug|Any CPU
		{7714816E-AA1A-43BC-A173-41640CB01508}.Debug|Any CPU.Build.0 = Debug|Any CPU
		{7714816E-AA1A-43BC-A173-41640CB01508}.Debug|x64.ActiveCfg = Debug|Any CPU
		{7714816E-AA1A-43BC-A173-41640CB01508}.Debug|x64.Build.0 = Debug|Any CPU
		{7714816E-AA1A-43BC-A173-41640CB01508}.Debug|x86.ActiveCfg = Debug|Any CPU
		{7714816E-AA1A-43BC-A173-41640CB01508}.Debug|x86.Build.0 = Debug|Any CPU
		{7714816E-AA1A-43BC-A173-41640CB01508}.Release|Any CPU.ActiveCfg = Release|Any CPU
		{7714816E-AA1A-43BC-A173-41640CB01508}.Release|Any CPU.Build.0 = Release|Any CPU
		{7714816E-AA1A-43BC-A173-41640CB01508}.Release|x64.ActiveCfg = Release|Any CPU
		{7714816E-AA1A-43BC-A173-41640CB01508}.Release|x64.Build.0 = Release|Any CPU
		{7714816E-AA1A-43BC-A173-41640CB01508}.Release|x86.ActiveCfg = Release|Any CPU
		{7714816E-AA1A-43BC-A173-41640CB01508}.Release|x86.Build.0 = Release|Any CPU
		{98E20307-5FB2-4D5C-AF00-5976F24D1451}.Debug|Any CPU.ActiveCfg = Debug|Any CPU
		{98E20307-5FB2-4D5C-AF00-5976F24D1451}.Debug|Any CPU.Build.0 = Debug|Any CPU
		{98E20307-5FB2-4D5C-AF00-5976F24D1451}.Debug|x64.ActiveCfg = Debug|Any CPU
		{98E20307-5FB2-4D5C-AF00-5976F24D1451}.Debug|x64.Build.0 = Debug|Any CPU
		{98E20307-5FB2-4D5C-AF00-5976F24D1451}.Debug|x86.ActiveCfg = Debug|Any CPU
		{98E20307-5FB2-4D5C-AF00-5976F24D1451}.Debug|x86.Build.0 = Debug|Any CPU
		{98E20307-5FB2-4D5C-AF00-5976F24D1451}.Release|Any CPU.ActiveCfg = Release|Any CPU
		{98E20307-5FB2-4D5C-AF00-5976F24D1451}.Release|Any CPU.Build.0 = Release|Any CPU
		{98E20307-5FB2-4D5C-AF00-5976F24D1451}.Release|x64.ActiveCfg = Release|Any CPU
		{98E20307-5FB2-4D5C-AF00-5976F24D1451}.Release|x64.Build.0 = Release|Any CPU
		{98E20307-5FB2-4D5C-AF00-5976F24D1451}.Release|x86.ActiveCfg = Release|Any CPU
		{98E20307-5FB2-4D5C-AF00-5976F24D1451}.Release|x86.Build.0 = Release|Any CPU
		{42C43A9B-C14D-44D0-8D9F-FDC1AFDF8F65}.Debug|Any CPU.ActiveCfg = Debug|Any CPU
		{42C43A9B-C14D-44D0-8D9F-FDC1AFDF8F65}.Debug|Any CPU.Build.0 = Debug|Any CPU
		{42C43A9B-C14D-44D0-8D9F-FDC1AFDF8F65}.Debug|x64.ActiveCfg = Debug|Any CPU
		{42C43A9B-C14D-44D0-8D9F-FDC1AFDF8F65}.Debug|x64.Build.0 = Debug|Any CPU
		{42C43A9B-C14D-44D0-8D9F-FDC1AFDF8F65}.Debug|x86.ActiveCfg = Debug|Any CPU
		{42C43A9B-C14D-44D0-8D9F-FDC1AFDF8F65}.Debug|x86.Build.0 = Debug|Any CPU
		{42C43A9B-C14D-44D0-8D9F-FDC1AFDF8F65}.Release|Any CPU.ActiveCfg = Release|Any CPU
		{42C43A9B-C14D-44D0-8D9F-FDC1AFDF8F65}.Release|Any CPU.Build.0 = Release|Any CPU
		{42C43A9B-C14D-44D0-8D9F-FDC1AFDF8F65}.Release|x64.ActiveCfg = Release|Any CPU
		{42C43A9B-C14D-44D0-8D9F-FDC1AFDF8F65}.Release|x64.Build.0 = Release|Any CPU
		{42C43A9B-C14D-44D0-8D9F-FDC1AFDF8F65}.Release|x86.ActiveCfg = Release|Any CPU
		{42C43A9B-C14D-44D0-8D9F-FDC1AFDF8F65}.Release|x86.Build.0 = Release|Any CPU
	EndGlobalSection
	GlobalSection(NestedProjects) = preSolution
		{42C43A9B-C14D-44D0-8D9F-FDC1AFDF8F65} = {E384ADF0-B98E-11EB-87A8-89F61FA53BF0}
		{87B4FAAE-03E1-48B4-901A-5FD9D2DC43C5} = {E384ADF0-B98E-11EB-87A8-89F61FA53BF0}
	EndGlobalSection
EndGlobal
